
Microsoft Visual Studio Solution File, Format Version 12.00
# Visual Studio 15
Project("{FAE04EC0-301F-11D3-BF4B-00C04F79EFBC}") = "UnityEngine.TestRunner", "UnityEngine.TestRunner.csproj", "{05568281-6ED1-1806-6EAB-B86D6E4BC3C0}"
EndProject
Project("{FAE04EC0-301F-11D3-BF4B-00C04F79EFBC}") = "UnityEngine.UI", "UnityEngine.UI.csproj", "{50EF2248-C47C-17CD-E7C3-5C0F327DDFF7}"
EndProject
Project("{FAE04EC0-301F-11D3-BF4B-00C04F79EFBC}") = "Unity.TextMeshPro", "Unity.TextMeshPro.csproj", "{DA0BD876-DD50-A0DA-2A15-A26518783608}"
EndProject
Project("{FAE04EC0-301F-11D3-BF4B-00C04F79EFBC}") = "Unity.Timeline", "Unity.Timeline.csproj", "{AC422B71-5B81-4D7D-A5D3-FD127FAF03A8}"
EndProject
Project("{FAE04EC0-301F-11D3-BF4B-00C04F79EFBC}") = "UnityEditor.TestRunner", "UnityEditor.TestRunner.csproj", "{79FA6BB3-7585-D732-E6A4-6A03511E8DD6}"
EndProject
Project("{FAE04EC0-301F-11D3-BF4B-00C04F79EFBC}") = "Unity.VisualStudio.Editor", "Unity.VisualStudio.Editor.csproj", "{4D1B0922-9422-1730-9D1C-B1606EDC3393}"
EndProject
Project("{FAE04EC0-301F-11D3-BF4B-00C04F79EFBC}") = "Unity.TextMeshPro.Editor", "Unity.TextMeshPro.Editor.csproj", "{5A0DBE34-124C-2EC4-76C4-6B8338B78272}"
EndProject
Project("{FAE04EC0-301F-11D3-BF4B-00C04F79EFBC}") = "Unity.Timeline.Editor", "Unity.Timeline.Editor.csproj", "{1BD79183-8DFE-4632-58F9-2FC01A0F1150}"
EndProject
Project("{FAE04EC0-301F-11D3-BF4B-00C04F79EFBC}") = "Unity.PlasticSCM.Editor", "Unity.PlasticSCM.Editor.csproj", "{B048E494-CCF3-EB5C-285A-F7AE1F9A43A8}"
EndProject
Project("{FAE04EC0-301F-11D3-BF4B-00C04F79EFBC}") = "UnityEditor.UI", "UnityEditor.UI.csproj", "{2ECF272C-5E1C-560B-40CA-6B9FB523036B}"
EndProject
Project("{FAE04EC0-301F-11D3-BF4B-00C04F79EFBC}") = "Unity.Rider.Editor", "Unity.Rider.Editor.csproj", "{C63E05B3-6593-CF32-A87E-242C48C5C375}"
EndProject
Project("{FAE04EC0-301F-11D3-BF4B-00C04F79EFBC}") = "Unity.CollabProxy.Editor", "Unity.CollabProxy.Editor.csproj", "{99D49F55-294C-E091-5D6F-93E03F3C3C1F}"
EndProject
Project("{FAE04EC0-301F-11D3-BF4B-00C04F79EFBC}") = "Unity.VSCode.Editor", "Unity.VSCode.Editor.csproj", "{65CA79FB-8BCA-B8F7-9EF0-F97B191C5332}"
EndProject
Global
	GlobalSection(SolutionConfigurationPlatforms) = preSolution
		Debug|Any CPU = Debug|Any CPU
		Release|Any CPU = Release|Any CPU
	EndGlobalSection
	GlobalSection(ProjectConfigurationPlatforms) = postSolution
		{05568281-6ED1-1806-6EAB-B86D6E4BC3C0}.Debug|Any CPU.ActiveCfg = Debug|Any CPU
		{05568281-6ED1-1806-6EAB-B86D6E4BC3C0}.Debug|Any CPU.Build.0 = Debug|Any CPU
		{05568281-6ED1-1806-6EAB-B86D6E4BC3C0}.Release|Any CPU.ActiveCfg = Release|Any CPU
		{05568281-6ED1-1806-6EAB-B86D6E4BC3C0}.Release|Any CPU.Build.0 = Release|Any CPU
		{50EF2248-C47C-17CD-E7C3-5C0F327DDFF7}.Debug|Any CPU.ActiveCfg = Debug|Any CPU
		{50EF2248-C47C-17CD-E7C3-5C0F327DDFF7}.Debug|Any CPU.Build.0 = Debug|Any CPU
		{50EF2248-C47C-17CD-E7C3-5C0F327DDFF7}.Release|Any CPU.ActiveCfg = Release|Any CPU
		{50EF2248-C47C-17CD-E7C3-5C0F327DDFF7}.Release|Any CPU.Build.0 = Release|Any CPU
		{DA0BD876-DD50-A0DA-2A15-A26518783608}.Debug|Any CPU.ActiveCfg = Debug|Any CPU
		{DA0BD876-DD50-A0DA-2A15-A26518783608}.Debug|Any CPU.Build.0 = Debug|Any CPU
		{DA0BD876-DD50-A0DA-2A15-A26518783608}.Release|Any CPU.ActiveCfg = Release|Any CPU
		{DA0BD876-DD50-A0DA-2A15-A26518783608}.Release|Any CPU.Build.0 = Release|Any CPU
		{AC422B71-5B81-4D7D-A5D3-FD127FAF03A8}.Debug|Any CPU.ActiveCfg = Debug|Any CPU
		{AC422B71-5B81-4D7D-A5D3-FD127FAF03A8}.Debug|Any CPU.Build.0 = Debug|Any CPU
		{AC422B71-5B81-4D7D-A5D3-FD127FAF03A8}.Release|Any CPU.ActiveCfg = Release|Any CPU
		{AC422B71-5B81-4D7D-A5D3-FD127FAF03A8}.Release|Any CPU.Build.0 = Release|Any CPU
		{79FA6BB3-7585-D732-E6A4-6A03511E8DD6}.Debug|Any CPU.ActiveCfg = Debug|Any CPU
		{79FA6BB3-7585-D732-E6A4-6A03511E8DD6}.Debug|Any CPU.Build.0 = Debug|Any CPU
		{79FA6BB3-7585-D732-E6A4-6A03511E8DD6}.Release|Any CPU.ActiveCfg = Release|Any CPU
		{79FA6BB3-7585-D732-E6A4-6A03511E8DD6}.Release|Any CPU.Build.0 = Release|Any CPU
		{4D1B0922-9422-1730-9D1C-B1606EDC3393}.Debug|Any CPU.ActiveCfg = Debug|Any CPU
		{4D1B0922-9422-1730-9D1C-B1606EDC3393}.Debug|Any CPU.Build.0 = Debug|Any CPU
		{4D1B0922-9422-1730-9D1C-B1606EDC3393}.Release|Any CPU.ActiveCfg = Release|Any CPU
		{4D1B0922-9422-1730-9D1C-B1606EDC3393}.Release|Any CPU.Build.0 = Release|Any CPU
		{5A0DBE34-124C-2EC4-76C4-6B8338B78272}.Debug|Any CPU.ActiveCfg = Debug|Any CPU
		{5A0DBE34-124C-2EC4-76C4-6B8338B78272}.Debug|Any CPU.Build.0 = Debug|Any CPU
		{5A0DBE34-124C-2EC4-76C4-6B8338B78272}.Release|Any CPU.ActiveCfg = Release|Any CPU
		{5A0DBE34-124C-2EC4-76C4-6B8338B78272}.Release|Any CPU.Build.0 = Release|Any CPU
		{1BD79183-8DFE-4632-58F9-2FC01A0F1150}.Debug|Any CPU.ActiveCfg = Debug|Any CPU
		{1BD79183-8DFE-4632-58F9-2FC01A0F1150}.Debug|Any CPU.Build.0 = Debug|Any CPU
		{1BD79183-8DFE-4632-58F9-2FC01A0F1150}.Release|Any CPU.ActiveCfg = Release|Any CPU
		{1BD79183-8DFE-4632-58F9-2FC01A0F1150}.Release|Any CPU.Build.0 = Release|Any CPU
		{B048E494-CCF3-EB5C-285A-F7AE1F9A43A8}.Debug|Any CPU.ActiveCfg = Debug|Any CPU
		{B048E494-CCF3-EB5C-285A-F7AE1F9A43A8}.Debug|Any CPU.Build.0 = Debug|Any CPU
		{B048E494-CCF3-EB5C-285A-F7AE1F9A43A8}.Release|Any CPU.ActiveCfg = Release|Any CPU
		{B048E494-CCF3-EB5C-285A-F7AE1F9A43A8}.Release|Any CPU.Build.0 = Release|Any CPU
		{2ECF272C-5E1C-560B-40CA-6B9FB523036B}.Debug|Any CPU.ActiveCfg = Debug|Any CPU
		{2ECF272C-5E1C-560B-40CA-6B9FB523036B}.Debug|Any CPU.Build.0 = Debug|Any CPU
		{2ECF272C-5E1C-560B-40CA-6B9FB523036B}.Release|Any CPU.ActiveCfg = Release|Any CPU
		{2ECF272C-5E1C-560B-40CA-6B9FB523036B}.Release|Any CPU.Build.0 = Release|Any CPU
		{C63E05B3-6593-CF32-A87E-242C48C5C375}.Debug|Any CPU.ActiveCfg = Debug|Any CPU
		{C63E05B3-6593-CF32-A87E-242C48C5C375}.Debug|Any CPU.Build.0 = Debug|Any CPU
		{C63E05B3-6593-CF32-A87E-242C48C5C375}.Release|Any CPU.ActiveCfg = Release|Any CPU
		{C63E05B3-6593-CF32-A87E-242C48C5C375}.Release|Any CPU.Build.0 = Release|Any CPU
		{99D49F55-294C-E091-5D6F-93E03F3C3C1F}.Debug|Any CPU.ActiveCfg = Debug|Any CPU
		{99D49F55-294C-E091-5D6F-93E03F3C3C1F}.Debug|Any CPU.Build.0 = Debug|Any CPU
		{99D49F55-294C-E091-5D6F-93E03F3C3C1F}.Release|Any CPU.ActiveCfg = Release|Any CPU
		{99D49F55-294C-E091-5D6F-93E03F3C3C1F}.Release|Any CPU.Build.0 = Release|Any CPU
		{65CA79FB-8BCA-B8F7-9EF0-F97B191C5332}.Debug|Any CPU.ActiveCfg = Debug|Any CPU
		{65CA79FB-8BCA-B8F7-9EF0-F97B191C5332}.Debug|Any CPU.Build.0 = Debug|Any CPU
		{65CA79FB-8BCA-B8F7-9EF0-F97B191C5332}.Release|Any CPU.ActiveCfg = Release|Any CPU
		{65CA79FB-8BCA-B8F7-9EF0-F97B191C5332}.Release|Any CPU.Build.0 = Release|Any CPU
	EndGlobalSection
	GlobalSection(SolutionProperties) = preSolution
		HideSolutionNode = FALSE
	EndGlobalSection
EndGlobal
